// !$*UTF8*$!
{
	archiveVersion = 1;
	classes = {
	};
	objectVersion = 50;
	objects = {

/* Begin PBXBuildFile section */
		BAB7054E25C1D83E00D09A02 /* SecondAnimationView.swift in Sources */ = {isa = PBXBuildFile; fileRef = BAB7054D25C1D83E00D09A02 /* SecondAnimationView.swift */; };
		BAB7055225C1D85500D09A02 /* SecondViewController.swift in Sources */ = {isa = PBXBuildFile; fileRef = BAB7055125C1D85500D09A02 /* SecondViewController.swift */; };
		BAB7055625C1DCF000D09A02 /* UICustomAnimationView.swift in Sources */ = {isa = PBXBuildFile; fileRef = BAB7055525C1DCF000D09A02 /* UICustomAnimationView.swift */; };
		BAB7055A25C205FA00D09A02 /* Vector.swift in Sources */ = {isa = PBXBuildFile; fileRef = BAB7055925C205FA00D09A02 /* Vector.swift */; };
		BAC54E8925C17A5A0076FE6B /* AppDelegate.swift in Sources */ = {isa = PBXBuildFile; fileRef = BAC54E8825C17A5A0076FE6B /* AppDelegate.swift */; };
		BAC54E8B25C17A5A0076FE6B /* SceneDelegate.swift in Sources */ = {isa = PBXBuildFile; fileRef = BAC54E8A25C17A5A0076FE6B /* SceneDelegate.swift */; };
		BAC54E8D25C17A5A0076FE6B /* ViewController.swift in Sources */ = {isa = PBXBuildFile; fileRef = BAC54E8C25C17A5A0076FE6B /* ViewController.swift */; };
		BAC54E9025C17A5A0076FE6B /* Main.storyboard in Resources */ = {isa = PBXBuildFile; fileRef = BAC54E8E25C17A5A0076FE6B /* Main.storyboard */; };
		BAC54E9225C17A5B0076FE6B /* Assets.xcassets in Resources */ = {isa = PBXBuildFile; fileRef = BAC54E9125C17A5B0076FE6B /* Assets.xcassets */; };
		BAC54E9525C17A5B0076FE6B /* LaunchScreen.storyboard in Resources */ = {isa = PBXBuildFile; fileRef = BAC54E9325C17A5B0076FE6B /* LaunchScreen.storyboard */; };
		BAC54E9E25C17B900076FE6B /* .gitignore in Resources */ = {isa = PBXBuildFile; fileRef = BAC54E9D25C17B900076FE6B /* .gitignore */; };
		BAC54EA125C17D660076FE6B /* AnimationView.swift in Sources */ = {isa = PBXBuildFile; fileRef = BAC54EA025C17D660076FE6B /* AnimationView.swift */; };
/* End PBXBuildFile section */

/* Begin PBXFileReference section */
		BAB7054D25C1D83E00D09A02 /* SecondAnimationView.swift */ = {isa = PBXFileReference; lastKnownFileType = sourcecode.swift; path = SecondAnimationView.swift; sourceTree = "<group>"; };
		BAB7055125C1D85500D09A02 /* SecondViewController.swift */ = {isa = PBXFileReference; lastKnownFileType = sourcecode.swift; path = SecondViewController.swift; sourceTree = "<group>"; };
		BAB7055525C1DCF000D09A02 /* UICustomAnimationView.swift */ = {isa = PBXFileReference; lastKnownFileType = sourcecode.swift; path = UICustomAnimationView.swift; sourceTree = "<group>"; };
		BAB7055925C205FA00D09A02 /* Vector.swift */ = {isa = PBXFileReference; lastKnownFileType = sourcecode.swift; path = Vector.swift; sourceTree = "<group>"; };
		BAC54E8525C17A5A0076FE6B /* Animation by CoreGraphics.app */ = {isa = PBXFileReference; explicitFileType = wrapper.application; includeInIndex = 0; path = "Animation by CoreGraphics.app"; sourceTree = BUILT_PRODUCTS_DIR; };
		BAC54E8825C17A5A0076FE6B /* AppDelegate.swift */ = {isa = PBXFileReference; lastKnownFileType = sourcecode.swift; path = AppDelegate.swift; sourceTree = "<group>"; };
		BAC54E8A25C17A5A0076FE6B /* SceneDelegate.swift */ = {isa = PBXFileReference; lastKnownFileType = sourcecode.swift; path = SceneDelegate.swift; sourceTree = "<group>"; };
		BAC54E8C25C17A5A0076FE6B /* ViewController.swift */ = {isa = PBXFileReference; lastKnownFileType = sourcecode.swift; path = ViewController.swift; sourceTree = "<group>"; };
		BAC54E8F25C17A5A0076FE6B /* Base */ = {isa = PBXFileReference; lastKnownFileType = file.storyboard; name = Base; path = Base.lproj/Main.storyboard; sourceTree = "<group>"; };
		BAC54E9125C17A5B0076FE6B /* Assets.xcassets */ = {isa = PBXFileReference; lastKnownFileType = folder.assetcatalog; path = Assets.xcassets; sourceTree = "<group>"; };
		BAC54E9425C17A5B0076FE6B /* Base */ = {isa = PBXFileReference; lastKnownFileType = file.storyboard; name = Base; path = Base.lproj/LaunchScreen.storyboard; sourceTree = "<group>"; };
		BAC54E9625C17A5B0076FE6B /* Info.plist */ = {isa = PBXFileReference; lastKnownFileType = text.plist.xml; path = Info.plist; sourceTree = "<group>"; };
		BAC54E9D25C17B900076FE6B /* .gitignore */ = {isa = PBXFileReference; lastKnownFileType = text; path = .gitignore; sourceTree = "<group>"; };
		BAC54EA025C17D660076FE6B /* AnimationView.swift */ = {isa = PBXFileReference; lastKnownFileType = sourcecode.swift; path = AnimationView.swift; sourceTree = "<group>"; };
/* End PBXFileReference section */

/* Begin PBXFrameworksBuildPhase section */
		BAC54E8225C17A5A0076FE6B /* Frameworks */ = {
			isa = PBXFrameworksBuildPhase;
			buildActionMask = 2147483647;
			files = (
			);
			runOnlyForDeploymentPostprocessing = 0;
		};
/* End PBXFrameworksBuildPhase section */

/* Begin PBXGroup section */
		BAB7054B25C1D78D00D09A02 /* First Animation */ = {
			isa = PBXGroup;
			children = (
				BAC54E8C25C17A5A0076FE6B /* ViewController.swift */,
				BAC54EA025C17D660076FE6B /* AnimationView.swift */,
			);
			path = "First Animation";
			sourceTree = "<group>";
		};
		BAB7054C25C1D81700D09A02 /* Second Animation */ = {
			isa = PBXGroup;
			children = (
				BAB7055125C1D85500D09A02 /* SecondViewController.swift */,
				BAB7054D25C1D83E00D09A02 /* SecondAnimationView.swift */,
			);
			path = "Second Animation";
			sourceTree = "<group>";
		};
		BAC54E7C25C17A5A0076FE6B = {
			isa = PBXGroup;
			children = (
				BAC54E9D25C17B900076FE6B /* .gitignore */,
				BAC54E8725C17A5A0076FE6B /* Animation by CoreGraphics */,
				BAC54E8625C17A5A0076FE6B /* Products */,
			);
			sourceTree = "<group>";
		};
		BAC54E8625C17A5A0076FE6B /* Products */ = {
			isa = PBXGroup;
			children = (
				BAC54E8525C17A5A0076FE6B /* Animation by CoreGraphics.app */,
			);
			name = Products;
			sourceTree = "<group>";
		};
		BAC54E8725C17A5A0076FE6B /* Animation by CoreGraphics */ = {
			isa = PBXGroup;
			children = (
				BAB7054C25C1D81700D09A02 /* Second Animation */,
				BAB7054B25C1D78D00D09A02 /* First Animation */,
				BAC54E8825C17A5A0076FE6B /* AppDelegate.swift */,
				BAC54E8A25C17A5A0076FE6B /* SceneDelegate.swift */,
				BAB7055525C1DCF000D09A02 /* UICustomAnimationView.swift */,
				BAB7055925C205FA00D09A02 /* Vector.swift */,
				BAC54E8E25C17A5A0076FE6B /* Main.storyboard */,
				BAC54E9125C17A5B0076FE6B /* Assets.xcassets */,
				BAC54E9325C17A5B0076FE6B /* LaunchScreen.storyboard */,
				BAC54E9625C17A5B0076FE6B /* Info.plist */,
			);
			path = "Animation by CoreGraphics";
			sourceTree = "<group>";
		};
/* End PBXGroup section */

/* Begin PBXNativeTarget section */
		BAC54E8425C17A5A0076FE6B /* Animation by CoreGraphics */ = {
			isa = PBXNativeTarget;
			buildConfigurationList = BAC54E9925C17A5B0076FE6B /* Build configuration list for PBXNativeTarget "Animation by CoreGraphics" */;
			buildPhases = (
				BAC54E8125C17A5A0076FE6B /* Sources */,
				BAC54E8225C17A5A0076FE6B /* Frameworks */,
				BAC54E8325C17A5A0076FE6B /* Resources */,
			);
			buildRules = (
			);
			dependencies = (
			);
			name = "Animation by CoreGraphics";
			productName = "Animation by CoreGraphics";
			productReference = BAC54E8525C17A5A0076FE6B /* Animation by CoreGraphics.app */;
			productType = "com.apple.product-type.application";
		};
/* End PBXNativeTarget section */

/* Begin PBXProject section */
		BAC54E7D25C17A5A0076FE6B /* Project object */ = {
			isa = PBXProject;
			attributes = {
				LastSwiftUpdateCheck = 1230;
				LastUpgradeCheck = 1230;
				TargetAttributes = {
					BAC54E8425C17A5A0076FE6B = {
						CreatedOnToolsVersion = 12.3;
					};
				};
			};
			buildConfigurationList = BAC54E8025C17A5A0076FE6B /* Build configuration list for PBXProject "Animation by CoreGraphics" */;
			compatibilityVersion = "Xcode 9.3";
			developmentRegion = en;
			hasScannedForEncodings = 0;
			knownRegions = (
				en,
				Base,
			);
			mainGroup = BAC54E7C25C17A5A0076FE6B;
			productRefGroup = BAC54E8625C17A5A0076FE6B /* Products */;
			projectDirPath = "";
			projectRoot = "";
			targets = (
				BAC54E8425C17A5A0076FE6B /* Animation by CoreGraphics */,
			);
		};
/* End PBXProject section */

/* Begin PBXResourcesBuildPhase section */
		BAC54E8325C17A5A0076FE6B /* Resources */ = {
			isa = PBXResourcesBuildPhase;
			buildActionMask = 2147483647;
			files = (
				BAC54E9E25C17B900076FE6B /* .gitignore in Resources */,
				BAC54E9525C17A5B0076FE6B /* LaunchScreen.storyboard in Resources */,
				BAC54E9225C17A5B0076FE6B /* Assets.xcassets in Resources */,
				BAC54E9025C17A5A0076FE6B /* Main.storyboard in Resources */,
			);
			runOnlyForDeploymentPostprocessing = 0;
		};
/* End PBXResourcesBuildPhase section */

/* Begin PBXSourcesBuildPhase section */
		BAC54E8125C17A5A0076FE6B /* Sources */ = {
			isa = PBXSourcesBuildPhase;
			buildActionMask = 2147483647;
			files = (
				BAB7055225C1D85500D09A02 /* SecondViewController.swift in Sources */,
				BAC54E8D25C17A5A0076FE6B /* ViewController.swift in Sources */,
				BAB7055A25C205FA00D09A02 /* Vector.swift in Sources */,
				BAC54EA125C17D660076FE6B /* AnimationView.swift in Sources */,
				BAC54E8925C17A5A0076FE6B /* AppDelegate.swift in Sources */,
				BAC54E8B25C17A5A0076FE6B /* SceneDelegate.swift in Sources */,
				BAB7055625C1DCF000D09A02 /* UICustomAnimationView.swift in Sources */,
				BAB7054E25C1D83E00D09A02 /* SecondAnimationView.swift in Sources */,
			);
			runOnlyForDeploymentPostprocessing = 0;
		};
/* End PBXSourcesBuildPhase section */

/* Begin PBXVariantGroup section */
		BAC54E8E25C17A5A0076FE6B /* Main.storyboard */ = {
			isa = PBXVariantGroup;
			children = (
				BAC54E8F25C17A5A0076FE6B /* Base */,
			);
			name = Main.storyboard;
			sourceTree = "<group>";
		};
		BAC54E9325C17A5B0076FE6B /* LaunchScreen.storyboard */ = {
			isa = PBXVariantGroup;
			children = (
				BAC54E9425C17A5B0076FE6B /* Base */,
			);
			name = LaunchScreen.storyboard;
			sourceTree = "<group>";
		};
/* End PBXVariantGroup section */

/* Begin XCBuildConfiguration section */
		BAC54E9725C17A5B0076FE6B /* Debug */ = {
			isa = XCBuildConfiguration;
			buildSettings = {
				ALWAYS_SEARCH_USER_PATHS = NO;
				CLANG_ANALYZER_NONNULL = YES;
				CLANG_ANALYZER_NUMBER_OBJECT_CONVERSION = YES_AGGRESSIVE;
				CLANG_CXX_LANGUAGE_STANDARD = "gnu++14";
				CLANG_CXX_LIBRARY = "libc++";
				CLANG_ENABLE_MODULES = YES;
				CLANG_ENABLE_OBJC_ARC = YES;
				CLANG_ENABLE_OBJC_WEAK = YES;
				CLANG_WARN_BLOCK_CAPTURE_AUTORELEASING = YES;
				CLANG_WARN_BOOL_CONVERSION = YES;
				CLANG_WARN_COMMA = YES;
				CLANG_WARN_CONSTANT_CONVERSION = YES;
				CLANG_WARN_DEPRECATED_OBJC_IMPLEMENTATIONS = YES;
				CLANG_WARN_DIRECT_OBJC_ISA_USAGE = YES_ERROR;
				CLANG_WARN_DOCUMENTATION_COMMENTS = YES;
				CLANG_WARN_EMPTY_BODY = YES;
				CLANG_WARN_ENUM_CONVERSION = YES;
				CLANG_WARN_INFINITE_RECURSION = YES;
				CLANG_WARN_INT_CONVERSION = YES;
				CLANG_WARN_NON_LITERAL_NULL_CONVERSION = YES;
				CLANG_WARN_OBJC_IMPLICIT_RETAIN_SELF = YES;
				CLANG_WARN_OBJC_LITERAL_CONVERSION = YES;
				CLANG_WARN_OBJC_ROOT_CLASS = YES_ERROR;
				CLANG_WARN_QUOTED_INCLUDE_IN_FRAMEWORK_HEADER = YES;
				CLANG_WARN_RANGE_LOOP_ANALYSIS = YES;
				CLANG_WARN_STRICT_PROTOTYPES = YES;
				CLANG_WARN_SUSPICIOUS_MOVE = YES;
				CLANG_WARN_UNGUARDED_AVAILABILITY = YES_AGGRESSIVE;
				CLANG_WARN_UNREACHABLE_CODE = YES;
				CLANG_WARN__DUPLICATE_METHOD_MATCH = YES;
				COPY_PHASE_STRIP = NO;
				DEBUG_INFORMATION_FORMAT = dwarf;
				ENABLE_STRICT_OBJC_MSGSEND = YES;
				ENABLE_TESTABILITY = YES;
				GCC_C_LANGUAGE_STANDARD = gnu11;
				GCC_DYNAMIC_NO_PIC = NO;
				GCC_NO_COMMON_BLOCKS = YES;
				GCC_OPTIMIZATION_LEVEL = 0;
				GCC_PREPROCESSOR_DEFINITIONS = (
					"DEBUG=1",
					"$(inherited)",
				);
				GCC_WARN_64_TO_32_BIT_CONVERSION = YES;
				GCC_WARN_ABOUT_RETURN_TYPE = YES_ERROR;
				GCC_WARN_UNDECLARED_SELECTOR = YES;
				GCC_WARN_UNINITIALIZED_AUTOS = YES_AGGRESSIVE;
				GCC_WARN_UNUSED_FUNCTION = YES;
				GCC_WARN_UNUSED_VARIABLE = YES;
				IPHONEOS_DEPLOYMENT_TARGET = 14.3;
				MTL_ENABLE_DEBUG_INFO = INCLUDE_SOURCE;
				MTL_FAST_MATH = YES;
				ONLY_ACTIVE_ARCH = YES;
				SDKROOT = iphoneos;
				SWIFT_ACTIVE_COMPILATION_CONDITIONS = DEBUG;
				SWIFT_OPTIMIZATION_LEVEL = "-Onone";
			};
			name = Debug;
		};
		BAC54E9825C17A5B0076FE6B /* Release */ = {
			isa = XCBuildConfiguration;
			buildSettings = {
				ALWAYS_SEARCH_USER_PATHS = NO;
				CLANG_ANALYZER_NONNULL = YES;
				CLANG_ANALYZER_NUMBER_OBJECT_CONVERSION = YES_AGGRESSIVE;
				CLANG_CXX_LANGUAGE_STANDARD = "gnu++14";
				CLANG_CXX_LIBRARY = "libc++";
				CLANG_ENABLE_MODULES = YES;
				CLANG_ENABLE_OBJC_ARC = YES;
				CLANG_ENABLE_OBJC_WEAK = YES;
				CLANG_WARN_BLOCK_CAPTURE_AUTORELEASING = YES;
				CLANG_WARN_BOOL_CONVERSION = YES;
				CLANG_WARN_COMMA = YES;
				CLANG_WARN_CONSTANT_CONVERSION = YES;
				CLANG_WARN_DEPRECATED_OBJC_IMPLEMENTATIONS = YES;
				CLANG_WARN_DIRECT_OBJC_ISA_USAGE = YES_ERROR;
				CLANG_WARN_DOCUMENTATION_COMMENTS = YES;
				CLANG_WARN_EMPTY_BODY = YES;
				CLANG_WARN_ENUM_CONVERSION = YES;
				CLANG_WARN_INFINITE_RECURSION = YES;
				CLANG_WARN_INT_CONVERSION = YES;
				CLANG_WARN_NON_LITERAL_NULL_CONVERSION = YES;
				CLANG_WARN_OBJC_IMPLICIT_RETAIN_SELF = YES;
				CLANG_WARN_OBJC_LITERAL_CONVERSION = YES;
				CLANG_WARN_OBJC_ROOT_CLASS = YES_ERROR;
				CLANG_WARN_QUOTED_INCLUDE_IN_FRAMEWORK_HEADER = YES;
				CLANG_WARN_RANGE_LOOP_ANALYSIS = YES;
				CLANG_WARN_STRICT_PROTOTYPES = YES;
				CLANG_WARN_SUSPICIOUS_MOVE = YES;
				CLANG_WARN_UNGUARDED_AVAILABILITY = YES_AGGRESSIVE;
				CLANG_WARN_UNREACHABLE_CODE = YES;
				CLANG_WARN__DUPLICATE_METHOD_MATCH = YES;
				COPY_PHASE_STRIP = NO;
				DEBUG_INFORMATION_FORMAT = "dwarf-with-dsym";
				ENABLE_NS_ASSERTIONS = NO;
				ENABLE_STRICT_OBJC_MSGSEND = YES;
				GCC_C_LANGUAGE_STANDARD = gnu11;
				GCC_NO_COMMON_BLOCKS = YES;
				GCC_WARN_64_TO_32_BIT_CONVERSION = YES;
				GCC_WARN_ABOUT_RETURN_TYPE = YES_ERROR;
				GCC_WARN_UNDECLARED_SELECTOR = YES;
				GCC_WARN_UNINITIALIZED_AUTOS = YES_AGGRESSIVE;
				GCC_WARN_UNUSED_FUNCTION = YES;
				GCC_WARN_UNUSED_VARIABLE = YES;
				IPHONEOS_DEPLOYMENT_TARGET = 14.3;
				MTL_ENABLE_DEBUG_INFO = NO;
				MTL_FAST_MATH = YES;
				SDKROOT = iphoneos;
				SWIFT_COMPILATION_MODE = wholemodule;
				SWIFT_OPTIMIZATION_LEVEL = "-O";
				VALIDATE_PRODUCT = YES;
			};
			name = Release;
		};
		BAC54E9A25C17A5B0076FE6B /* Debug */ = {
			isa = XCBuildConfiguration;
			buildSettings = {
				ASSETCATALOG_COMPILER_APPICON_NAME = AppIcon;
				ASSETCATALOG_COMPILER_GLOBAL_ACCENT_COLOR_NAME = AccentColor;
				CODE_SIGN_STYLE = Automatic;
				DEVELOPMENT_TEAM = 65HCRGU5FA;
				INFOPLIST_FILE = "Animation by CoreGraphics/Info.plist";
				LD_RUNPATH_SEARCH_PATHS = (
					"$(inherited)",
					"@executable_path/Frameworks",
				);
				PRODUCT_BUNDLE_IDENTIFIER = "Ilya-Cherkasov.Animation-by-CoreGraphics";
				PRODUCT_NAME = "$(TARGET_NAME)";
				SWIFT_VERSION = 5.0;
				TARGETED_DEVICE_FAMILY = "1,2";
			};
			name = Debug;
		};
		BAC54E9B25C17A5B0076FE6B /* Release */ = {
			isa = XCBuildConfiguration;
			buildSettings = {
				ASSETCATALOG_COMPILER_APPICON_NAME = AppIcon;
				ASSETCATALOG_COMPILER_GLOBAL_ACCENT_COLOR_NAME = AccentColor;
				CODE_SIGN_STYLE = Automatic;
				DEVELOPMENT_TEAM = 65HCRGU5FA;
				INFOPLIST_FILE = "Animation by CoreGraphics/Info.plist";
				LD_RUNPATH_SEARCH_PATHS = (
					"$(inherited)",
					"@executable_path/Frameworks",
				);
				PRODUCT_BUNDLE_IDENTIFIER = "Ilya-Cherkasov.Animation-by-CoreGraphics";
				PRODUCT_NAME = "$(TARGET_NAME)";
				SWIFT_VERSION = 5.0;
				TARGETED_DEVICE_FAMILY = "1,2";
			};
			name = Release;
		};
/* End XCBuildConfiguration section */

/* Begin XCConfigurationList section */
		BAC54E8025C17A5A0076FE6B /* Build configuration list for PBXProject "Animation by CoreGraphics" */ = {
			isa = XCConfigurationList;
			buildConfigurations = (
				BAC54E9725C17A5B0076FE6B /* Debug */,
				BAC54E9825C17A5B0076FE6B /* Release */,
			);
			defaultConfigurationIsVisible = 0;
			defaultConfigurationName = Release;
		};
		BAC54E9925C17A5B0076FE6B /* Build configuration list for PBXNativeTarget "Animation by CoreGraphics" */ = {
			isa = XCConfigurationList;
			buildConfigurations = (
				BAC54E9A25C17A5B0076FE6B /* Debug */,
				BAC54E9B25C17A5B0076FE6B /* Release */,
			);
			defaultConfigurationIsVisible = 0;
			defaultConfigurationName = Release;
		};
/* End XCConfigurationList section */
	};
	rootObject = BAC54E7D25C17A5A0076FE6B /* Project object */;
}
